
Microsoft Visual Studio Solution File, Format Version 12.00
# Visual Studio Version 17
VisualStudioVersion = 17.10.34928.147
MinimumVisualStudioVersion = 10.0.40219.1
Project("{FAE04EC0-301F-11D3-BF4B-00C04F79EFBC}") = "Banco", "Banco\Banco.csproj", "{F613D60C-BE09-41BB-AF94-E46AC388D020}"
EndProject
Global
	GlobalSection(SolutionConfigurationPlatforms) = preSolution
		Debug|Any CPU = Debug|Any CPU
		Release|Any CPU = Release|Any CPU
	EndGlobalSection
	GlobalSection(ProjectConfigurationPlatforms) = postSolution
		{F613D60C-BE09-41BB-AF94-E46AC388D020}.Debug|Any CPU.ActiveCfg = Debug|Any CPU
		{F613D60C-BE09-41BB-AF94-E46AC388D020}.Debug|Any CPU.Build.0 = Debug|Any CPU
		{F613D60C-BE09-41BB-AF94-E46AC388D020}.Release|Any CPU.ActiveCfg = Release|Any CPU
		{F613D60C-BE09-41BB-AF94-E46AC388D020}.Release|Any CPU.Build.0 = Release|Any CPU
	EndGlobalSection
	GlobalSection(SolutionProperties) = preSolution
		HideSolutionNode = FALSE
	EndGlobalSection
	GlobalSection(ExtensibilityGlobals) = postSolution
		SolutionGuid = {FCD5269E-DA47-4BA3-BD3F-E582FD1E3F2F}
	EndGlobalSection
EndGlobal
